
Microsoft Visual Studio Solution File, Format Version 12.00
# Visual Studio Version 16
VisualStudioVersion = 16.0.30413.136
MinimumVisualStudioVersion = 10.0.40219.1
Project("{8BC9CEB8-8B4A-11D0-8D11-00A0C91BC942}") = "Compression", "ComplexCompression\ComplexCompression.vcxproj", "{BA49925D-9847-4772-B5B9-D665194FE1AE}"
EndProject
Project("{8BC9CEB8-8B4A-11D0-8D11-00A0C91BC942}") = "Input_Communication", "Input_Communication\Input_Communication.vcxproj", "{B3B93046-7654-47F4-B5CC-B2A59DE4635C}"
EndProject
Project("{8BC9CEB8-8B4A-11D0-8D11-00A0C91BC942}") = "HuffmanIPcore", "HuffmanIPcore\HuffmanIPcore.vcxproj", "{1A2DA61C-F5D3-4FE8-9784-131DD4B3E929}"
EndProject
Global
	GlobalSection(SolutionConfigurationPlatforms) = preSolution
		Debug|x64 = Debug|x64
		Debug|x86 = Debug|x86
		Release|x64 = Release|x64
		Release|x86 = Release|x86
	EndGlobalSection
	GlobalSection(ProjectConfigurationPlatforms) = postSolution
		{BA49925D-9847-4772-B5B9-D665194FE1AE}.Debug|x64.ActiveCfg = Debug|x64
		{BA49925D-9847-4772-B5B9-D665194FE1AE}.Debug|x64.Build.0 = Debug|x64
		{BA49925D-9847-4772-B5B9-D665194FE1AE}.Debug|x86.ActiveCfg = Debug|Win32
		{BA49925D-9847-4772-B5B9-D665194FE1AE}.Debug|x86.Build.0 = Debug|Win32
		{BA49925D-9847-4772-B5B9-D665194FE1AE}.Release|x64.ActiveCfg = Release|x64
		{BA49925D-9847-4772-B5B9-D665194FE1AE}.Release|x64.Build.0 = Release|x64
		{BA49925D-9847-4772-B5B9-D665194FE1AE}.Release|x86.ActiveCfg = Release|Win32
		{BA49925D-9847-4772-B5B9-D665194FE1AE}.Release|x86.Build.0 = Release|Win32
		{B3B93046-7654-47F4-B5CC-B2A59DE4635C}.Debug|x64.ActiveCfg = Debug|x64
		{B3B93046-7654-47F4-B5CC-B2A59DE4635C}.Debug|x64.Build.0 = Debug|x64
		{B3B93046-7654-47F4-B5CC-B2A59DE4635C}.Debug|x86.ActiveCfg = Debug|Win32
		{B3B93046-7654-47F4-B5CC-B2A59DE4635C}.Debug|x86.Build.0 = Debug|Win32
		{B3B93046-7654-47F4-B5CC-B2A59DE4635C}.Release|x64.ActiveCfg = Release|x64
		{B3B93046-7654-47F4-B5CC-B2A59DE4635C}.Release|x64.Build.0 = Release|x64
		{B3B93046-7654-47F4-B5CC-B2A59DE4635C}.Release|x86.ActiveCfg = Release|Win32
		{B3B93046-7654-47F4-B5CC-B2A59DE4635C}.Release|x86.Build.0 = Release|Win32
		{1A2DA61C-F5D3-4FE8-9784-131DD4B3E929}.Debug|x64.ActiveCfg = Debug|x64
		{1A2DA61C-F5D3-4FE8-9784-131DD4B3E929}.Debug|x64.Build.0 = Debug|x64
		{1A2DA61C-F5D3-4FE8-9784-131DD4B3E929}.Debug|x86.ActiveCfg = Debug|Win32
		{1A2DA61C-F5D3-4FE8-9784-131DD4B3E929}.Debug|x86.Build.0 = Debug|Win32
		{1A2DA61C-F5D3-4FE8-9784-131DD4B3E929}.Release|x64.ActiveCfg = Release|x64
		{1A2DA61C-F5D3-4FE8-9784-131DD4B3E929}.Release|x64.Build.0 = Release|x64
		{1A2DA61C-F5D3-4FE8-9784-131DD4B3E929}.Release|x86.ActiveCfg = Release|Win32
		{1A2DA61C-F5D3-4FE8-9784-131DD4B3E929}.Release|x86.Build.0 = Release|Win32
	EndGlobalSection
	GlobalSection(SolutionProperties) = preSolution
		HideSolutionNode = FALSE
	EndGlobalSection
	GlobalSection(ExtensibilityGlobals) = postSolution
		SolutionGuid = {4B334FED-1F84-441C-9B24-74476AF0C837}
	EndGlobalSection
EndGlobal
