<?xml version="1.0" encoding="utf-8"?>
<Project ToolsVersion="4.0" xmlns="http://schemas.microsoft.com/developer/msbuild/2003">
  <ItemGroup>
    <Filter Include="Source Files">
      <UniqueIdentifier>{4FC737F1-C7A5-4376-A066-2A32D752A2FF}</UniqueIdentifier>
      <Extensions>cpp;c;cc;cxx;c++;cppm;ixx;def;odl;idl;hpj;bat;asm;asmx</Extensions>
    </Filter>
    <Filter Include="Header Files">
      <UniqueIdentifier>{93995380-89BD-4b04-88EB-625FBE52EBFB}</UniqueIdentifier>
      <Extensions>h;hh;hpp;hxx;h++;hm;inl;inc;ipp;xsd</Extensions>
    </Filter>
    <Filter Include="Resource Files">
      <UniqueIdentifier>{67DA6AB6-F800-4c08-8B7A-83BB121AAD01}</UniqueIdentifier>
      <Extensions>rc;ico;cur;bmp;dlg;rc2;rct;bin;rgs;gif;jpg;jpeg;jpe;resx;tiff;tif;png;wav;mfcribbon-ms</Extensions>
    </Filter>
    <Filter Include="Source Files\SimpleCompression">
      <UniqueIdentifier>{13b83dfc-7c8e-453f-a8b9-ed7a0c3062d6}</UniqueIdentifier>
    </Filter>
    <Filter Include="Header Files\SimpleCompression">
      <UniqueIdentifier>{23269ff6-981c-4ca9-986d-23fd49025ee6}</UniqueIdentifier>
    </Filter>
    <Filter Include="Header Files\ComplexCompression">
      <UniqueIdentifier>{1322d00b-47d0-4e8c-9b5b-6efde709640e}</UniqueIdentifier>
    </Filter>
    <Filter Include="Source Files\ComplexCompression">
      <UniqueIdentifier>{b9a1a341-d142-4067-936f-406a07a262da}</UniqueIdentifier>
    </Filter>
  </ItemGroup>
  <ItemGroup>
    <ClCompile Include="Compression.cpp">
      <Filter>Source Files</Filter>
    </ClCompile>
    <ClCompile Include="HuffmanSetup.cpp">
      <Filter>Source Files\SimpleCompression</Filter>
    </ClCompile>
    <ClCompile Include="PredictiveSetup.cpp">
      <Filter>Source Files\ComplexCompression</Filter>
    </ClCompile>
    <ClCompile Include="HuffmanCompressor.cpp">
      <Filter>Source Files\SimpleCompression</Filter>
    </ClCompile>
    <ClCompile Include="HuffmanDecompressor.cpp">
      <Filter>Source Files\SimpleCompression</Filter>
    </ClCompile>
    <ClCompile Include="PredictiveCompressor.cpp">
      <Filter>Source Files\ComplexCompression</Filter>
    </ClCompile>
    <ClCompile Include="PredictiveDecompressor.cpp">
      <Filter>Source Files\ComplexCompression</Filter>
    </ClCompile>
    <ClCompile Include="Top.cpp">
      <Filter>Source Files</Filter>
    </ClCompile>
  </ItemGroup>
  <ItemGroup>
    <ClInclude Include="HuffmanSetup.h">
      <Filter>Header Files\SimpleCompression</Filter>
    </ClInclude>
    <ClInclude Include="PredictiveSetup.h">
      <Filter>Header Files\ComplexCompression</Filter>
    </ClInclude>
    <ClInclude Include="HuffmanCompressor.h">
      <Filter>Header Files\SimpleCompression</Filter>
    </ClInclude>
    <ClInclude Include="HuffmanDecompressor.h">
      <Filter>Header Files\SimpleCompression</Filter>
    </ClInclude>
    <ClInclude Include="PredictiveCompressor.h">
      <Filter>Header Files\ComplexCompression</Filter>
    </ClInclude>
    <ClInclude Include="PredictiveDecompressor.h">
      <Filter>Header Files\ComplexCompression</Filter>
    </ClInclude>
    <ClInclude Include="Top.h">
      <Filter>Header Files</Filter>
    </ClInclude>
  </ItemGroup>
</Project>